
Microsoft Visual Studio Solution File, Format Version 12.00
# Visual Studio 15
VisualStudioVersion = 15.0.27130.2010
MinimumVisualStudioVersion = 10.0.40219.1
Project("{6EC3EE1D-3C4E-46DD-8F32-0CC8E7565705}") = "HelloWorld", "hello-world\HelloWorld.fsproj", "{90746956-8D20-448E-A2DC-4105F8070761}"
EndProject
Project("{6EC3EE1D-3C4E-46DD-8F32-0CC8E7565705}") = "Leap", "leap\Leap.fsproj", "{ED498B81-1335-4612-A98B-248FC09BB6F8}"
EndProject
Project("{6EC3EE1D-3C4E-46DD-8F32-0CC8E7565705}") = "Bob", "bob\Bob.fsproj", "{86797606-926F-41D8-8764-15728B206F3F}"
EndProject
Project("{6EC3EE1D-3C4E-46DD-8F32-0CC8E7565705}") = "SumOfMultiples", "sum-of-multiples\SumOfMultiples.fsproj", "{1414C93C-EFD0-43E1-BF74-273A800549BA}"
EndProject
Project("{6EC3EE1D-3C4E-46DD-8F32-0CC8E7565705}") = "TwoFer", "two-fer\TwoFer.fsproj", "{D0DF7CCC-A0E7-4C85-B5CC-D050F707A030}"
EndProject
Project("{6EC3EE1D-3C4E-46DD-8F32-0CC8E7565705}") = "SpaceAge", "space-age\SpaceAge.fsproj", "{6F08470E-FCCB-43D3-AFBB-63D30426FC4A}"
EndProject
Project("{6EC3EE1D-3C4E-46DD-8F32-0CC8E7565705}") = "Raindrops", "raindrops\Raindrops.fsproj", "{15D84641-5D81-4A75-B803-BC2DCF97F6E3}"
EndProject
Project("{6EC3EE1D-3C4E-46DD-8F32-0CC8E7565705}") = "Accumulate", "accumulate\Accumulate.fsproj", "{79BB4772-3B7A-4A62-BFA3-1296CE887423}"
EndProject
Project("{6EC3EE1D-3C4E-46DD-8F32-0CC8E7565705}") = "GradeSchool", "grade-school\GradeSchool.fsproj", "{088A1283-F8DC-497B-BA82-9AE3A4A8FB24}"
EndProject
Project("{6EC3EE1D-3C4E-46DD-8F32-0CC8E7565705}") = "CollatzConjecture", "collatz-conjecture\CollatzConjecture.fsproj", "{28F107F4-433B-4F01-951B-CA35D27C172B}"
EndProject
Project("{6EC3EE1D-3C4E-46DD-8F32-0CC8E7565705}") = "ArmstrongNumbers", "armstrong-numbers\ArmstrongNumbers.fsproj", "{A5ADE0AC-2563-4695-920A-A82F4E391BA5}"
EndProject
Global
	GlobalSection(SolutionConfigurationPlatforms) = preSolution
		Debug|Any CPU = Debug|Any CPU
		Release|Any CPU = Release|Any CPU
	EndGlobalSection
	GlobalSection(ProjectConfigurationPlatforms) = postSolution
		{90746956-8D20-448E-A2DC-4105F8070761}.Debug|Any CPU.ActiveCfg = Debug|Any CPU
		{90746956-8D20-448E-A2DC-4105F8070761}.Debug|Any CPU.Build.0 = Debug|Any CPU
		{90746956-8D20-448E-A2DC-4105F8070761}.Release|Any CPU.ActiveCfg = Release|Any CPU
		{90746956-8D20-448E-A2DC-4105F8070761}.Release|Any CPU.Build.0 = Release|Any CPU
		{ED498B81-1335-4612-A98B-248FC09BB6F8}.Debug|Any CPU.ActiveCfg = Debug|Any CPU
		{ED498B81-1335-4612-A98B-248FC09BB6F8}.Debug|Any CPU.Build.0 = Debug|Any CPU
		{ED498B81-1335-4612-A98B-248FC09BB6F8}.Release|Any CPU.ActiveCfg = Release|Any CPU
		{ED498B81-1335-4612-A98B-248FC09BB6F8}.Release|Any CPU.Build.0 = Release|Any CPU
		{86797606-926F-41D8-8764-15728B206F3F}.Debug|Any CPU.ActiveCfg = Debug|Any CPU
		{86797606-926F-41D8-8764-15728B206F3F}.Debug|Any CPU.Build.0 = Debug|Any CPU
		{86797606-926F-41D8-8764-15728B206F3F}.Release|Any CPU.ActiveCfg = Release|Any CPU
		{86797606-926F-41D8-8764-15728B206F3F}.Release|Any CPU.Build.0 = Release|Any CPU
		{1414C93C-EFD0-43E1-BF74-273A800549BA}.Debug|Any CPU.ActiveCfg = Debug|Any CPU
		{1414C93C-EFD0-43E1-BF74-273A800549BA}.Debug|Any CPU.Build.0 = Debug|Any CPU
		{1414C93C-EFD0-43E1-BF74-273A800549BA}.Release|Any CPU.ActiveCfg = Release|Any CPU
		{1414C93C-EFD0-43E1-BF74-273A800549BA}.Release|Any CPU.Build.0 = Release|Any CPU
		{D0DF7CCC-A0E7-4C85-B5CC-D050F707A030}.Debug|Any CPU.ActiveCfg = Debug|Any CPU
		{D0DF7CCC-A0E7-4C85-B5CC-D050F707A030}.Debug|Any CPU.Build.0 = Debug|Any CPU
		{D0DF7CCC-A0E7-4C85-B5CC-D050F707A030}.Release|Any CPU.ActiveCfg = Release|Any CPU
		{D0DF7CCC-A0E7-4C85-B5CC-D050F707A030}.Release|Any CPU.Build.0 = Release|Any CPU
		{6F08470E-FCCB-43D3-AFBB-63D30426FC4A}.Debug|Any CPU.ActiveCfg = Debug|Any CPU
		{6F08470E-FCCB-43D3-AFBB-63D30426FC4A}.Debug|Any CPU.Build.0 = Debug|Any CPU
		{6F08470E-FCCB-43D3-AFBB-63D30426FC4A}.Release|Any CPU.ActiveCfg = Release|Any CPU
		{6F08470E-FCCB-43D3-AFBB-63D30426FC4A}.Release|Any CPU.Build.0 = Release|Any CPU
		{15D84641-5D81-4A75-B803-BC2DCF97F6E3}.Debug|Any CPU.ActiveCfg = Debug|Any CPU
		{15D84641-5D81-4A75-B803-BC2DCF97F6E3}.Debug|Any CPU.Build.0 = Debug|Any CPU
		{15D84641-5D81-4A75-B803-BC2DCF97F6E3}.Release|Any CPU.ActiveCfg = Release|Any CPU
		{15D84641-5D81-4A75-B803-BC2DCF97F6E3}.Release|Any CPU.Build.0 = Release|Any CPU
		{79BB4772-3B7A-4A62-BFA3-1296CE887423}.Debug|Any CPU.ActiveCfg = Debug|Any CPU
		{79BB4772-3B7A-4A62-BFA3-1296CE887423}.Debug|Any CPU.Build.0 = Debug|Any CPU
		{79BB4772-3B7A-4A62-BFA3-1296CE887423}.Release|Any CPU.ActiveCfg = Release|Any CPU
		{79BB4772-3B7A-4A62-BFA3-1296CE887423}.Release|Any CPU.Build.0 = Release|Any CPU
		{088A1283-F8DC-497B-BA82-9AE3A4A8FB24}.Debug|Any CPU.ActiveCfg = Debug|Any CPU
		{088A1283-F8DC-497B-BA82-9AE3A4A8FB24}.Debug|Any CPU.Build.0 = Debug|Any CPU
		{088A1283-F8DC-497B-BA82-9AE3A4A8FB24}.Release|Any CPU.ActiveCfg = Release|Any CPU
		{088A1283-F8DC-497B-BA82-9AE3A4A8FB24}.Release|Any CPU.Build.0 = Release|Any CPU
		{28F107F4-433B-4F01-951B-CA35D27C172B}.Debug|Any CPU.ActiveCfg = Debug|Any CPU
		{28F107F4-433B-4F01-951B-CA35D27C172B}.Debug|Any CPU.Build.0 = Debug|Any CPU
		{28F107F4-433B-4F01-951B-CA35D27C172B}.Release|Any CPU.ActiveCfg = Release|Any CPU
		{28F107F4-433B-4F01-951B-CA35D27C172B}.Release|Any CPU.Build.0 = Release|Any CPU
		{A5ADE0AC-2563-4695-920A-A82F4E391BA5}.Debug|Any CPU.ActiveCfg = Debug|Any CPU
		{A5ADE0AC-2563-4695-920A-A82F4E391BA5}.Debug|Any CPU.Build.0 = Debug|Any CPU
		{A5ADE0AC-2563-4695-920A-A82F4E391BA5}.Release|Any CPU.ActiveCfg = Release|Any CPU
		{A5ADE0AC-2563-4695-920A-A82F4E391BA5}.Release|Any CPU.Build.0 = Release|Any CPU
	EndGlobalSection
	GlobalSection(SolutionProperties) = preSolution
		HideSolutionNode = FALSE
	EndGlobalSection
	GlobalSection(ExtensibilityGlobals) = postSolution
		SolutionGuid = {1D3F0407-EE34-43A6-A1AE-B0A064A5A8A9}
	EndGlobalSection
EndGlobal
